
Microsoft Visual Studio Solution File, Format Version 12.00
# Visual Studio Version 16
VisualStudioVersion = 16.0.29306.81
MinimumVisualStudioVersion = 10.0.40219.1
Project("{FAE04EC0-301F-11D3-BF4B-00C04F79EFBC}") = "TODO", "TODO.csproj", "{F94A9A1E-BEF0-49AF-9896-B5E0098966B5}"
EndProject
Global
	GlobalSection(SolutionConfigurationPlatforms) = preSolution
		Debug|Any CPU = Debug|Any CPU
		Release|Any CPU = Release|Any CPU
	EndGlobalSection
	GlobalSection(ProjectConfigurationPlatforms) = postSolution
		{F94A9A1E-BEF0-49AF-9896-B5E0098966B5}.Debug|Any CPU.ActiveCfg = Debug|Any CPU
		{F94A9A1E-BEF0-49AF-9896-B5E0098966B5}.Debug|Any CPU.Build.0 = Debug|Any CPU
		{F94A9A1E-BEF0-49AF-9896-B5E0098966B5}.Release|Any CPU.ActiveCfg = Release|Any CPU
		{F94A9A1E-BEF0-49AF-9896-B5E0098966B5}.Release|Any CPU.Build.0 = Release|Any CPU
	EndGlobalSection
	GlobalSection(SolutionProperties) = preSolution
		HideSolutionNode = FALSE
	EndGlobalSection
	GlobalSection(ExtensibilityGlobals) = postSolution
		SolutionGuid = {60DC7D72-9010-42C4-AEDB-E397E28666CC}
	EndGlobalSection
EndGlobal
